
Microsoft Visual Studio Solution File, Format Version 12.00
# Visual Studio Version 16
VisualStudioVersion = 16.0.31424.327
MinimumVisualStudioVersion = 10.0.40219.1
Project("{FAE04EC0-301F-11D3-BF4B-00C04F79EFBC}") = "Practise Programmes", "Practise Programmes\Practise Programmes.csproj", "{B6F898CA-2F9A-44B4-A042-D884BD382EF1}"
EndProject
Global
	GlobalSection(SolutionConfigurationPlatforms) = preSolution
		Debug|Any CPU = Debug|Any CPU
		Release|Any CPU = Release|Any CPU
	EndGlobalSection
	GlobalSection(ProjectConfigurationPlatforms) = postSolution
		{B6F898CA-2F9A-44B4-A042-D884BD382EF1}.Debug|Any CPU.ActiveCfg = Debug|Any CPU
		{B6F898CA-2F9A-44B4-A042-D884BD382EF1}.Debug|Any CPU.Build.0 = Debug|Any CPU
		{B6F898CA-2F9A-44B4-A042-D884BD382EF1}.Release|Any CPU.ActiveCfg = Release|Any CPU
		{B6F898CA-2F9A-44B4-A042-D884BD382EF1}.Release|Any CPU.Build.0 = Release|Any CPU
	EndGlobalSection
	GlobalSection(SolutionProperties) = preSolution
		HideSolutionNode = FALSE
	EndGlobalSection
	GlobalSection(ExtensibilityGlobals) = postSolution
		SolutionGuid = {EB812CEF-EE41-4D1D-8CF6-EFF6140E64A9}
	EndGlobalSection
EndGlobal
